
Microsoft Visual Studio Solution File, Format Version 12.00
# Visual Studio Version 16
VisualStudioVersion = 16.0.31313.79
MinimumVisualStudioVersion = 10.0.40219.1
Project("{FAE04EC0-301F-11D3-BF4B-00C04F79EFBC}") = "Ex02", "Ex02\Ex02.csproj", "{2459F1C2-F3C2-4D86-8E27-E68D88B2943B}"
EndProject
Global
	GlobalSection(SolutionConfigurationPlatforms) = preSolution
		Debug|Any CPU = Debug|Any CPU
		Release|Any CPU = Release|Any CPU
	EndGlobalSection
	GlobalSection(ProjectConfigurationPlatforms) = postSolution
		{2459F1C2-F3C2-4D86-8E27-E68D88B2943B}.Debug|Any CPU.ActiveCfg = Debug|Any CPU
		{2459F1C2-F3C2-4D86-8E27-E68D88B2943B}.Debug|Any CPU.Build.0 = Debug|Any CPU
		{2459F1C2-F3C2-4D86-8E27-E68D88B2943B}.Release|Any CPU.ActiveCfg = Release|Any CPU
		{2459F1C2-F3C2-4D86-8E27-E68D88B2943B}.Release|Any CPU.Build.0 = Release|Any CPU
	EndGlobalSection
	GlobalSection(SolutionProperties) = preSolution
		HideSolutionNode = FALSE
	EndGlobalSection
	GlobalSection(ExtensibilityGlobals) = postSolution
		SolutionGuid = {3C702184-7839-442F-A537-A720C4B2DC67}
	EndGlobalSection
EndGlobal
