
Microsoft Visual Studio Solution File, Format Version 12.00
# Visual Studio Version 16
VisualStudioVersion = 16.0.31313.79
MinimumVisualStudioVersion = 10.0.40219.1
Project("{FAE04EC0-301F-11D3-BF4B-00C04F79EFBC}") = "PlusMinus", "PlusMinus\PlusMinus.csproj", "{4A1DE2C1-3EF4-4159-A9EE-2C02C67DD7DF}"
EndProject
Global
	GlobalSection(SolutionConfigurationPlatforms) = preSolution
		Debug|Any CPU = Debug|Any CPU
		Release|Any CPU = Release|Any CPU
	EndGlobalSection
	GlobalSection(ProjectConfigurationPlatforms) = postSolution
		{4A1DE2C1-3EF4-4159-A9EE-2C02C67DD7DF}.Debug|Any CPU.ActiveCfg = Debug|Any CPU
		{4A1DE2C1-3EF4-4159-A9EE-2C02C67DD7DF}.Debug|Any CPU.Build.0 = Debug|Any CPU
		{4A1DE2C1-3EF4-4159-A9EE-2C02C67DD7DF}.Release|Any CPU.ActiveCfg = Release|Any CPU
		{4A1DE2C1-3EF4-4159-A9EE-2C02C67DD7DF}.Release|Any CPU.Build.0 = Release|Any CPU
	EndGlobalSection
	GlobalSection(SolutionProperties) = preSolution
		HideSolutionNode = FALSE
	EndGlobalSection
	GlobalSection(ExtensibilityGlobals) = postSolution
		SolutionGuid = {FFB6F51B-6462-4834-9D5E-AFA2BDD90F4F}
	EndGlobalSection
EndGlobal
